{
  "name": "pareto-core-deserializer",
  "version": "0.1.0",
  "lockfileVersion": 3,
  "requires": true,
  "packages": {
    "": {
      "name": "pareto-core-deserializer",
      "version": "0.1.0",
      "license": "ISC",
      "dependencies": {
        "pareto-core-internals": "^0.24.3"
      }
    },
    "node_modules/pareto-core-interface": {
      "version": "0.1.0",
      "resolved": "https://registry.npmjs.org/pareto-core-interface/-/pareto-core-interface-0.1.0.tgz",
      "integrity": "sha512-To4y67ZoLVvfUMymHRHI0PTSSZ/D2qR+AOogfstaW5GGO+rBkW2hdCbq+2VEr7G3AbHZXAzdeA+ZbaBiDpJE2A==",
      "license": "Apache-2.0"
    },
    "node_modules/pareto-core-internals": {
      "version": "0.24.3",
      "resolved": "https://registry.npmjs.org/pareto-core-internals/-/pareto-core-internals-0.24.3.tgz",
      "integrity": "sha512-bqff0f4k9AbLtO7VtmSwBLj9fmdPqn20jE68YuBR0ov9n3E6FfSINOqq+cAr5v8ZDn3wROcEmJeiIrEj1APfog==",
      "license": "ISC",
      "dependencies": {
        "pareto-core-interface": "^0.1.0"
      }
    }
  }
}
